
Microsoft Visual Studio Solution File, Format Version 12.00
# Visual Studio 15
VisualStudioVersion = 15.0.27004.2009
MinimumVisualStudioVersion = 10.0.40219.1
Project("{2150E333-8FDC-42A3-9474-1A3956D46DE8}") = "Lab02CLR", "Lab02CLR", "{E82C196C-ED08-47D8-B80D-4202FE854074}"
EndProject
Project("{2150E333-8FDC-42A3-9474-1A3956D46DE8}") = "Formatters", "Formatters", "{7E99E26F-D1E5-444F-8643-E206095F7324}"
EndProject
Project("{2150E333-8FDC-42A3-9474-1A3956D46DE8}") = "TracedConsoleApp", "TracedConsoleApp", "{A7FA0C2D-8D76-4938-B799-D4BF433ADF51}"
EndProject
Project("{2150E333-8FDC-42A3-9474-1A3956D46DE8}") = "Tacer", "Tacer", "{2C8EB4D7-2858-4027-B8E6-58A06586C661}"
EndProject
Project("{FAE04EC0-301F-11D3-BF4B-00C04F79EFBC}") = "FormatterPluginContract", "Lab02CLR\Formatters\FormatterPluginContract\FormatterPluginContract.csproj", "{E1613632-5221-453A-AADC-C6E56D93E196}"
EndProject
Project("{FAE04EC0-301F-11D3-BF4B-00C04F79EFBC}") = "Tracer", "Lab02CLR\Tracer\Tracer.csproj", "{CBC2EA63-517B-4F70-BB08-9EF787118FA2}"
EndProject
Project("{FAE04EC0-301F-11D3-BF4B-00C04F79EFBC}") = "TracedConsoleApp", "Lab02CLR\TracedConsoleApp\TracedConsoleApp.csproj", "{7E74E30D-485E-4412-815A-94E53D08B704}"
EndProject
Project("{FAE04EC0-301F-11D3-BF4B-00C04F79EFBC}") = "JsonFormatterPlugin", "Lab02CLR\Formatters\JsonTraceResultFormatter\JsonFormatterPlugin.csproj", "{C442EDB1-34F4-44A3-9F9A-CAF18536833E}"
EndProject
Project("{FAE04EC0-301F-11D3-BF4B-00C04F79EFBC}") = "YamlFormatterPlugin", "Lab02CLR\Formatters\YamlFormatterPlugin\YamlFormatterPlugin.csproj", "{CADD0F0A-BA53-4BC4-A9EA-DC6CBAD63726}"
EndProject
Project("{FAE04EC0-301F-11D3-BF4B-00C04F79EFBC}") = "BuiltInFormatters", "Lab02CLR\Formatters\BuiltInFormatters\BuiltInFormatters.csproj", "{B6F129B6-6325-45F2-B82A-77AF5A6529AF}"
EndProject
Global
	GlobalSection(SolutionConfigurationPlatforms) = preSolution
		Debug|Any CPU = Debug|Any CPU
		Release|Any CPU = Release|Any CPU
	EndGlobalSection
	GlobalSection(ProjectConfigurationPlatforms) = postSolution
		{E1613632-5221-453A-AADC-C6E56D93E196}.Debug|Any CPU.ActiveCfg = Debug|Any CPU
		{E1613632-5221-453A-AADC-C6E56D93E196}.Debug|Any CPU.Build.0 = Debug|Any CPU
		{E1613632-5221-453A-AADC-C6E56D93E196}.Release|Any CPU.ActiveCfg = Release|Any CPU
		{E1613632-5221-453A-AADC-C6E56D93E196}.Release|Any CPU.Build.0 = Release|Any CPU
		{CBC2EA63-517B-4F70-BB08-9EF787118FA2}.Debug|Any CPU.ActiveCfg = Debug|Any CPU
		{CBC2EA63-517B-4F70-BB08-9EF787118FA2}.Debug|Any CPU.Build.0 = Debug|Any CPU
		{CBC2EA63-517B-4F70-BB08-9EF787118FA2}.Release|Any CPU.ActiveCfg = Release|Any CPU
		{CBC2EA63-517B-4F70-BB08-9EF787118FA2}.Release|Any CPU.Build.0 = Release|Any CPU
		{7E74E30D-485E-4412-815A-94E53D08B704}.Debug|Any CPU.ActiveCfg = Debug|Any CPU
		{7E74E30D-485E-4412-815A-94E53D08B704}.Debug|Any CPU.Build.0 = Debug|Any CPU
		{7E74E30D-485E-4412-815A-94E53D08B704}.Release|Any CPU.ActiveCfg = Release|Any CPU
		{7E74E30D-485E-4412-815A-94E53D08B704}.Release|Any CPU.Build.0 = Release|Any CPU
		{C442EDB1-34F4-44A3-9F9A-CAF18536833E}.Debug|Any CPU.ActiveCfg = Debug|Any CPU
		{C442EDB1-34F4-44A3-9F9A-CAF18536833E}.Debug|Any CPU.Build.0 = Debug|Any CPU
		{C442EDB1-34F4-44A3-9F9A-CAF18536833E}.Release|Any CPU.ActiveCfg = Release|Any CPU
		{C442EDB1-34F4-44A3-9F9A-CAF18536833E}.Release|Any CPU.Build.0 = Release|Any CPU
		{CADD0F0A-BA53-4BC4-A9EA-DC6CBAD63726}.Debug|Any CPU.ActiveCfg = Debug|Any CPU
		{CADD0F0A-BA53-4BC4-A9EA-DC6CBAD63726}.Debug|Any CPU.Build.0 = Debug|Any CPU
		{CADD0F0A-BA53-4BC4-A9EA-DC6CBAD63726}.Release|Any CPU.ActiveCfg = Release|Any CPU
		{CADD0F0A-BA53-4BC4-A9EA-DC6CBAD63726}.Release|Any CPU.Build.0 = Release|Any CPU
		{B6F129B6-6325-45F2-B82A-77AF5A6529AF}.Debug|Any CPU.ActiveCfg = Debug|Any CPU
		{B6F129B6-6325-45F2-B82A-77AF5A6529AF}.Debug|Any CPU.Build.0 = Debug|Any CPU
		{B6F129B6-6325-45F2-B82A-77AF5A6529AF}.Release|Any CPU.ActiveCfg = Release|Any CPU
		{B6F129B6-6325-45F2-B82A-77AF5A6529AF}.Release|Any CPU.Build.0 = Release|Any CPU
	EndGlobalSection
	GlobalSection(SolutionProperties) = preSolution
		HideSolutionNode = FALSE
	EndGlobalSection
	GlobalSection(NestedProjects) = preSolution
		{7E99E26F-D1E5-444F-8643-E206095F7324} = {E82C196C-ED08-47D8-B80D-4202FE854074}
		{A7FA0C2D-8D76-4938-B799-D4BF433ADF51} = {E82C196C-ED08-47D8-B80D-4202FE854074}
		{2C8EB4D7-2858-4027-B8E6-58A06586C661} = {E82C196C-ED08-47D8-B80D-4202FE854074}
		{E1613632-5221-453A-AADC-C6E56D93E196} = {7E99E26F-D1E5-444F-8643-E206095F7324}
		{CBC2EA63-517B-4F70-BB08-9EF787118FA2} = {2C8EB4D7-2858-4027-B8E6-58A06586C661}
		{7E74E30D-485E-4412-815A-94E53D08B704} = {A7FA0C2D-8D76-4938-B799-D4BF433ADF51}
		{C442EDB1-34F4-44A3-9F9A-CAF18536833E} = {7E99E26F-D1E5-444F-8643-E206095F7324}
		{CADD0F0A-BA53-4BC4-A9EA-DC6CBAD63726} = {7E99E26F-D1E5-444F-8643-E206095F7324}
		{B6F129B6-6325-45F2-B82A-77AF5A6529AF} = {7E99E26F-D1E5-444F-8643-E206095F7324}
	EndGlobalSection
	GlobalSection(ExtensibilityGlobals) = postSolution
		SolutionGuid = {D635C7F2-C0A8-43A5-8BB2-1BEABE186A70}
	EndGlobalSection
EndGlobal
